// !$*UTF8*$!
{
	archiveVersion = 1;
	classes = {
	};
	objectVersion = 50;
	objects = {

/* Begin PBXBuildFile section */
		A3E648ED64E55C3088555790 /* Pods_instagramClone.framework in Frameworks */ = {isa = PBXBuildFile; fileRef = E52F55A837118F672EAB1512 /* Pods_instagramClone.framework */; };
		DF0CC6A42119D73E0032CFCB /* LibraryPhotoSelectorCell.swift in Sources */ = {isa = PBXBuildFile; fileRef = DF0CC6A32119D73E0032CFCB /* LibraryPhotoSelectorCell.swift */; };
		DF0CC6A6211A36B00032CFCB /* Dictonary.swift in Sources */ = {isa = PBXBuildFile; fileRef = DF0CC6A5211A36B00032CFCB /* Dictonary.swift */; };
		DF0CC6A8211B2F930032CFCB /* LibraryPhotoSelectorHeaderCell.swift in Sources */ = {isa = PBXBuildFile; fileRef = DF0CC6A7211B2F930032CFCB /* LibraryPhotoSelectorHeaderCell.swift */; };
		DF0CC6AA211B409D0032CFCB /* Photo.swift in Sources */ = {isa = PBXBuildFile; fileRef = DF0CC6A9211B409D0032CFCB /* Photo.swift */; };
		DF0CC6AD211B49670032CFCB /* SharingVC.swift in Sources */ = {isa = PBXBuildFile; fileRef = DF0CC6AC211B49670032CFCB /* SharingVC.swift */; };
		DF0CC6AF211B55750032CFCB /* SharingVC+UI.swift in Sources */ = {isa = PBXBuildFile; fileRef = DF0CC6AE211B55750032CFCB /* SharingVC+UI.swift */; };
		DF101C9A2121B4F90009AD23 /* HomeCell+UI.swift in Sources */ = {isa = PBXBuildFile; fileRef = DF101C992121B4F90009AD23 /* HomeCell+UI.swift */; };
		DF101C9C2121C5A60009AD23 /* ButtonType.swift in Sources */ = {isa = PBXBuildFile; fileRef = DF101C9B2121C5A60009AD23 /* ButtonType.swift */; };
		DF101C9F2121CD4B0009AD23 /* Firebase+Extension.swift in Sources */ = {isa = PBXBuildFile; fileRef = DF101C9E2121CD4B0009AD23 /* Firebase+Extension.swift */; };
		DF101CA22121CFB10009AD23 /* SearchVC.swift in Sources */ = {isa = PBXBuildFile; fileRef = DF101CA12121CFB10009AD23 /* SearchVC.swift */; };
		DF101CA52121D5E30009AD23 /* SearchCell.swift in Sources */ = {isa = PBXBuildFile; fileRef = DF101CA42121D5E30009AD23 /* SearchCell.swift */; };
		DF101CA72121EB0E0009AD23 /* SearchVC+UI.swift in Sources */ = {isa = PBXBuildFile; fileRef = DF101CA62121EB0E0009AD23 /* SearchVC+UI.swift */; };
		DF21F58A210F562F00B7A634 /* MainTabBarVC.swift in Sources */ = {isa = PBXBuildFile; fileRef = DF21F589210F562F00B7A634 /* MainTabBarVC.swift */; };
		DF21F58D210F57CE00B7A634 /* UserProfileVC.swift in Sources */ = {isa = PBXBuildFile; fileRef = DF21F58C210F57CE00B7A634 /* UserProfileVC.swift */; };
		DF21F58F210F62C800B7A634 /* UserProfileHeaderView.swift in Sources */ = {isa = PBXBuildFile; fileRef = DF21F58E210F62C800B7A634 /* UserProfileHeaderView.swift */; };
		DF222971211E23D1001C3312 /* MKImageView.swift in Sources */ = {isa = PBXBuildFile; fileRef = DF222970211E23D1001C3312 /* MKImageView.swift */; };
		DF286E86210E575A00B4D722 /* SignUp+PickPhoto.swift in Sources */ = {isa = PBXBuildFile; fileRef = DF286E85210E575A00B4D722 /* SignUp+PickPhoto.swift */; };
		DF28F854210E443F00427302 /* SignUp+UI.swift in Sources */ = {isa = PBXBuildFile; fileRef = DF28F853210E443F00427302 /* SignUp+UI.swift */; };
		DF28F856210E530600427302 /* SignUp+Firebase.swift in Sources */ = {isa = PBXBuildFile; fileRef = DF28F855210E530600427302 /* SignUp+Firebase.swift */; };
		DF29A8B8210F9B49009D316A /* UserProfileVC+CollectionView.swift in Sources */ = {isa = PBXBuildFile; fileRef = DF29A8B7210F9B49009D316A /* UserProfileVC+CollectionView.swift */; };
		DF29A8BA210F9BD8009D316A /* Profile.swift in Sources */ = {isa = PBXBuildFile; fileRef = DF29A8B9210F9BD8009D316A /* Profile.swift */; };
		DF3434FB21138933008CC71B /* UserProfileVC+Firebase.swift in Sources */ = {isa = PBXBuildFile; fileRef = DF3434FA21138933008CC71B /* UserProfileVC+Firebase.swift */; };
		DF483405211DF44B00B6F6AD /* UserProfileCell.swift in Sources */ = {isa = PBXBuildFile; fileRef = DF483404211DF44B00B6F6AD /* UserProfileCell.swift */; };
		DF5109FA211092C500128279 /* UserProfileHeaderCell+UI.swift in Sources */ = {isa = PBXBuildFile; fileRef = DF5109F9211092C500128279 /* UserProfileHeaderCell+UI.swift */; };
		DF5109FC2110945500128279 /* MKLabel.swift in Sources */ = {isa = PBXBuildFile; fileRef = DF5109FB2110945500128279 /* MKLabel.swift */; };
		DF536935211DA74C0056206D /* Post.swift in Sources */ = {isa = PBXBuildFile; fileRef = DF536934211DA74C0056206D /* Post.swift */; };
		DF536937211DA76D0056206D /* Dimensions.swift in Sources */ = {isa = PBXBuildFile; fileRef = DF536936211DA76D0056206D /* Dimensions.swift */; };
		DF5A39BC2119780700AD09A5 /* LibraryPhotoSelectorVC.swift in Sources */ = {isa = PBXBuildFile; fileRef = DF5A39BB2119780700AD09A5 /* LibraryPhotoSelectorVC.swift */; };
		DF6AD2F9210C9311002F7D41 /* AppDelegate.swift in Sources */ = {isa = PBXBuildFile; fileRef = DF6AD2F8210C9311002F7D41 /* AppDelegate.swift */; };
		DF6AD2FB210C9311002F7D41 /* SignUpVC.swift in Sources */ = {isa = PBXBuildFile; fileRef = DF6AD2FA210C9311002F7D41 /* SignUpVC.swift */; };
		DF6AD300210C9312002F7D41 /* Assets.xcassets in Resources */ = {isa = PBXBuildFile; fileRef = DF6AD2FF210C9312002F7D41 /* Assets.xcassets */; };
		DF6AD303210C9312002F7D41 /* LaunchScreen.storyboard in Resources */ = {isa = PBXBuildFile; fileRef = DF6AD301210C9312002F7D41 /* LaunchScreen.storyboard */; };
		DF6AD30C210CDAEE002F7D41 /* UIColor.swift in Sources */ = {isa = PBXBuildFile; fileRef = DF6AD30B210CDAEE002F7D41 /* UIColor.swift */; };
		DF6AD312210CDBF0002F7D41 /* MKTextField.swift in Sources */ = {isa = PBXBuildFile; fileRef = DF6AD311210CDBF0002F7D41 /* MKTextField.swift */; };
		DF6F2BCE2119B271003EB476 /* LibraryPhotoSelectorVC+UI.swift in Sources */ = {isa = PBXBuildFile; fileRef = DF6F2BCD2119B271003EB476 /* LibraryPhotoSelectorVC+UI.swift */; };
		DF6F2BD02119B37E003EB476 /* PhotoSelectorTabBar.swift in Sources */ = {isa = PBXBuildFile; fileRef = DF6F2BCF2119B37E003EB476 /* PhotoSelectorTabBar.swift */; };
		DF81E758210D1E00003E5C86 /* UIView.swift in Sources */ = {isa = PBXBuildFile; fileRef = DF81E757210D1E00003E5C86 /* UIView.swift */; };
		DF81E75A210D1EAF003E5C86 /* MKButton.swift in Sources */ = {isa = PBXBuildFile; fileRef = DF81E759210D1EAF003E5C86 /* MKButton.swift */; };
		DF9E1658211D9BBB00224C99 /* Sharing+Firebase.swift in Sources */ = {isa = PBXBuildFile; fileRef = DF9E1657211D9BBB00224C99 /* Sharing+Firebase.swift */; };
		DFB0E542211EBD2100B48230 /* HomeVC.swift in Sources */ = {isa = PBXBuildFile; fileRef = DFB0E541211EBD2100B48230 /* HomeVC.swift */; };
		DFBE455F2111B24F0019E53C /* LoginVC.swift in Sources */ = {isa = PBXBuildFile; fileRef = DFBE455E2111B24F0019E53C /* LoginVC.swift */; };
		DFBE45612111BB360019E53C /* LoginVC+UI.swift in Sources */ = {isa = PBXBuildFile; fileRef = DFBE45602111BB360019E53C /* LoginVC+UI.swift */; };
		DFBE45632111D4970019E53C /* LoginVC+Firebase.swift in Sources */ = {isa = PBXBuildFile; fileRef = DFBE45622111D4970019E53C /* LoginVC+Firebase.swift */; };
		DFBEF228210E3AEA00EFFC48 /* GoogleService-Info.plist in Resources */ = {isa = PBXBuildFile; fileRef = DFBEF227210E3AEA00EFFC48 /* GoogleService-Info.plist */; };
		DFD28B68211EE1C900653A97 /* HomeCell.swift in Sources */ = {isa = PBXBuildFile; fileRef = DFD28B67211EE1C900653A97 /* HomeCell.swift */; };
		DFD28B6B211EE30300653A97 /* CellType.swift in Sources */ = {isa = PBXBuildFile; fileRef = DFD28B6A211EE30300653A97 /* CellType.swift */; };
		DFDB750C21220B4F0004032B /* HomeVC+UI.swift in Sources */ = {isa = PBXBuildFile; fileRef = DFDB750B21220B4F0004032B /* HomeVC+UI.swift */; };
		DFE7CFB9211575750023B045 /* ViewControllersBuilder.swift in Sources */ = {isa = PBXBuildFile; fileRef = DFE7CFB8211575750023B045 /* ViewControllersBuilder.swift */; };
		DFFB253A212447AA00E93AF5 /* ImageDownloader.swift in Sources */ = {isa = PBXBuildFile; fileRef = DFFB2539212447AA00E93AF5 /* ImageDownloader.swift */; };
/* End PBXBuildFile section */

/* Begin PBXFileReference section */
		BAA7EC607766C7FEC41211D1 /* Pods-instagramClone.debug.xcconfig */ = {isa = PBXFileReference; includeInIndex = 1; lastKnownFileType = text.xcconfig; name = "Pods-instagramClone.debug.xcconfig"; path = "Pods/Target Support Files/Pods-instagramClone/Pods-instagramClone.debug.xcconfig"; sourceTree = "<group>"; };
		DEC1DCED0FB2979497FC8610 /* Pods-instagramClone.release.xcconfig */ = {isa = PBXFileReference; includeInIndex = 1; lastKnownFileType = text.xcconfig; name = "Pods-instagramClone.release.xcconfig"; path = "Pods/Target Support Files/Pods-instagramClone/Pods-instagramClone.release.xcconfig"; sourceTree = "<group>"; };
		DF0CC6A32119D73E0032CFCB /* LibraryPhotoSelectorCell.swift */ = {isa = PBXFileReference; lastKnownFileType = sourcecode.swift; path = LibraryPhotoSelectorCell.swift; sourceTree = "<group>"; };
		DF0CC6A5211A36B00032CFCB /* Dictonary.swift */ = {isa = PBXFileReference; lastKnownFileType = sourcecode.swift; path = Dictonary.swift; sourceTree = "<group>"; };
		DF0CC6A7211B2F930032CFCB /* LibraryPhotoSelectorHeaderCell.swift */ = {isa = PBXFileReference; lastKnownFileType = sourcecode.swift; path = LibraryPhotoSelectorHeaderCell.swift; sourceTree = "<group>"; };
		DF0CC6A9211B409D0032CFCB /* Photo.swift */ = {isa = PBXFileReference; lastKnownFileType = sourcecode.swift; path = Photo.swift; sourceTree = "<group>"; };
		DF0CC6AC211B49670032CFCB /* SharingVC.swift */ = {isa = PBXFileReference; lastKnownFileType = sourcecode.swift; path = SharingVC.swift; sourceTree = "<group>"; };
		DF0CC6AE211B55750032CFCB /* SharingVC+UI.swift */ = {isa = PBXFileReference; lastKnownFileType = sourcecode.swift; path = "SharingVC+UI.swift"; sourceTree = "<group>"; };
		DF101C992121B4F90009AD23 /* HomeCell+UI.swift */ = {isa = PBXFileReference; lastKnownFileType = sourcecode.swift; path = "HomeCell+UI.swift"; sourceTree = "<group>"; };
		DF101C9B2121C5A60009AD23 /* ButtonType.swift */ = {isa = PBXFileReference; lastKnownFileType = sourcecode.swift; path = ButtonType.swift; sourceTree = "<group>"; };
		DF101C9E2121CD4B0009AD23 /* Firebase+Extension.swift */ = {isa = PBXFileReference; lastKnownFileType = sourcecode.swift; path = "Firebase+Extension.swift"; sourceTree = "<group>"; };
		DF101CA12121CFB10009AD23 /* SearchVC.swift */ = {isa = PBXFileReference; lastKnownFileType = sourcecode.swift; path = SearchVC.swift; sourceTree = "<group>"; };
		DF101CA42121D5E30009AD23 /* SearchCell.swift */ = {isa = PBXFileReference; lastKnownFileType = sourcecode.swift; path = SearchCell.swift; sourceTree = "<group>"; };
		DF101CA62121EB0E0009AD23 /* SearchVC+UI.swift */ = {isa = PBXFileReference; lastKnownFileType = sourcecode.swift; path = "SearchVC+UI.swift"; sourceTree = "<group>"; };
		DF21F589210F562F00B7A634 /* MainTabBarVC.swift */ = {isa = PBXFileReference; lastKnownFileType = sourcecode.swift; path = MainTabBarVC.swift; sourceTree = "<group>"; };
		DF21F58C210F57CE00B7A634 /* UserProfileVC.swift */ = {isa = PBXFileReference; lastKnownFileType = sourcecode.swift; path = UserProfileVC.swift; sourceTree = "<group>"; };
		DF21F58E210F62C800B7A634 /* UserProfileHeaderView.swift */ = {isa = PBXFileReference; lastKnownFileType = sourcecode.swift; path = UserProfileHeaderView.swift; sourceTree = "<group>"; };
		DF222970211E23D1001C3312 /* MKImageView.swift */ = {isa = PBXFileReference; lastKnownFileType = sourcecode.swift; path = MKImageView.swift; sourceTree = "<group>"; };
		DF286E85210E575A00B4D722 /* SignUp+PickPhoto.swift */ = {isa = PBXFileReference; lastKnownFileType = sourcecode.swift; path = "SignUp+PickPhoto.swift"; sourceTree = "<group>"; };
		DF28F853210E443F00427302 /* SignUp+UI.swift */ = {isa = PBXFileReference; lastKnownFileType = sourcecode.swift; path = "SignUp+UI.swift"; sourceTree = "<group>"; };
		DF28F855210E530600427302 /* SignUp+Firebase.swift */ = {isa = PBXFileReference; lastKnownFileType = sourcecode.swift; path = "SignUp+Firebase.swift"; sourceTree = "<group>"; };
		DF29A8B7210F9B49009D316A /* UserProfileVC+CollectionView.swift */ = {isa = PBXFileReference; lastKnownFileType = sourcecode.swift; path = "UserProfileVC+CollectionView.swift"; sourceTree = "<group>"; };
		DF29A8B9210F9BD8009D316A /* Profile.swift */ = {isa = PBXFileReference; lastKnownFileType = sourcecode.swift; path = Profile.swift; sourceTree = "<group>"; };
		DF3434FA21138933008CC71B /* UserProfileVC+Firebase.swift */ = {isa = PBXFileReference; lastKnownFileType = sourcecode.swift; path = "UserProfileVC+Firebase.swift"; sourceTree = "<group>"; };
		DF483404211DF44B00B6F6AD /* UserProfileCell.swift */ = {isa = PBXFileReference; lastKnownFileType = sourcecode.swift; path = UserProfileCell.swift; sourceTree = "<group>"; };
		DF5109F9211092C500128279 /* UserProfileHeaderCell+UI.swift */ = {isa = PBXFileReference; lastKnownFileType = sourcecode.swift; path = "UserProfileHeaderCell+UI.swift"; sourceTree = "<group>"; };
		DF5109FB2110945500128279 /* MKLabel.swift */ = {isa = PBXFileReference; lastKnownFileType = sourcecode.swift; path = MKLabel.swift; sourceTree = "<group>"; };
		DF536934211DA74C0056206D /* Post.swift */ = {isa = PBXFileReference; lastKnownFileType = sourcecode.swift; path = Post.swift; sourceTree = "<group>"; };
		DF536936211DA76D0056206D /* Dimensions.swift */ = {isa = PBXFileReference; lastKnownFileType = sourcecode.swift; path = Dimensions.swift; sourceTree = "<group>"; };
		DF5A39BB2119780700AD09A5 /* LibraryPhotoSelectorVC.swift */ = {isa = PBXFileReference; lastKnownFileType = sourcecode.swift; path = LibraryPhotoSelectorVC.swift; sourceTree = "<group>"; };
		DF6AD2F5210C9311002F7D41 /* instagramClone.app */ = {isa = PBXFileReference; explicitFileType = wrapper.application; includeInIndex = 0; path = instagramClone.app; sourceTree = BUILT_PRODUCTS_DIR; };
		DF6AD2F8210C9311002F7D41 /* AppDelegate.swift */ = {isa = PBXFileReference; lastKnownFileType = sourcecode.swift; path = AppDelegate.swift; sourceTree = "<group>"; };
		DF6AD2FA210C9311002F7D41 /* SignUpVC.swift */ = {isa = PBXFileReference; lastKnownFileType = sourcecode.swift; path = SignUpVC.swift; sourceTree = "<group>"; };
		DF6AD2FF210C9312002F7D41 /* Assets.xcassets */ = {isa = PBXFileReference; lastKnownFileType = folder.assetcatalog; path = Assets.xcassets; sourceTree = "<group>"; };
		DF6AD302210C9312002F7D41 /* Base */ = {isa = PBXFileReference; lastKnownFileType = file.storyboard; name = Base; path = Base.lproj/LaunchScreen.storyboard; sourceTree = "<group>"; };
		DF6AD304210C9312002F7D41 /* Info.plist */ = {isa = PBXFileReference; lastKnownFileType = text.plist.xml; path = Info.plist; sourceTree = "<group>"; };
		DF6AD30B210CDAEE002F7D41 /* UIColor.swift */ = {isa = PBXFileReference; lastKnownFileType = sourcecode.swift; path = UIColor.swift; sourceTree = "<group>"; };
		DF6AD311210CDBF0002F7D41 /* MKTextField.swift */ = {isa = PBXFileReference; lastKnownFileType = sourcecode.swift; path = MKTextField.swift; sourceTree = "<group>"; };
		DF6F2BCD2119B271003EB476 /* LibraryPhotoSelectorVC+UI.swift */ = {isa = PBXFileReference; lastKnownFileType = sourcecode.swift; path = "LibraryPhotoSelectorVC+UI.swift"; sourceTree = "<group>"; };
		DF6F2BCF2119B37E003EB476 /* PhotoSelectorTabBar.swift */ = {isa = PBXFileReference; lastKnownFileType = sourcecode.swift; path = PhotoSelectorTabBar.swift; sourceTree = "<group>"; };
		DF81E757210D1E00003E5C86 /* UIView.swift */ = {isa = PBXFileReference; lastKnownFileType = sourcecode.swift; path = UIView.swift; sourceTree = "<group>"; };
		DF81E759210D1EAF003E5C86 /* MKButton.swift */ = {isa = PBXFileReference; lastKnownFileType = sourcecode.swift; path = MKButton.swift; sourceTree = "<group>"; };
		DF9E1657211D9BBB00224C99 /* Sharing+Firebase.swift */ = {isa = PBXFileReference; lastKnownFileType = sourcecode.swift; path = "Sharing+Firebase.swift"; sourceTree = "<group>"; };
		DFB0E541211EBD2100B48230 /* HomeVC.swift */ = {isa = PBXFileReference; lastKnownFileType = sourcecode.swift; path = HomeVC.swift; sourceTree = "<group>"; };
		DFBE455E2111B24F0019E53C /* LoginVC.swift */ = {isa = PBXFileReference; lastKnownFileType = sourcecode.swift; path = LoginVC.swift; sourceTree = "<group>"; };
		DFBE45602111BB360019E53C /* LoginVC+UI.swift */ = {isa = PBXFileReference; lastKnownFileType = sourcecode.swift; path = "LoginVC+UI.swift"; sourceTree = "<group>"; };
		DFBE45622111D4970019E53C /* LoginVC+Firebase.swift */ = {isa = PBXFileReference; lastKnownFileType = sourcecode.swift; path = "LoginVC+Firebase.swift"; sourceTree = "<group>"; };
		DFBEF227210E3AEA00EFFC48 /* GoogleService-Info.plist */ = {isa = PBXFileReference; fileEncoding = 4; lastKnownFileType = text.plist.xml; path = "GoogleService-Info.plist"; sourceTree = "<group>"; };
		DFD28B67211EE1C900653A97 /* HomeCell.swift */ = {isa = PBXFileReference; lastKnownFileType = sourcecode.swift; path = HomeCell.swift; sourceTree = "<group>"; };
		DFD28B6A211EE30300653A97 /* CellType.swift */ = {isa = PBXFileReference; lastKnownFileType = sourcecode.swift; path = CellType.swift; sourceTree = "<group>"; };
		DFDB750B21220B4F0004032B /* HomeVC+UI.swift */ = {isa = PBXFileReference; lastKnownFileType = sourcecode.swift; path = "HomeVC+UI.swift"; sourceTree = "<group>"; };
		DFE7CFB8211575750023B045 /* ViewControllersBuilder.swift */ = {isa = PBXFileReference; fileEncoding = 4; lastKnownFileType = sourcecode.swift; path = ViewControllersBuilder.swift; sourceTree = "<group>"; };
		DFFB2539212447AA00E93AF5 /* ImageDownloader.swift */ = {isa = PBXFileReference; lastKnownFileType = sourcecode.swift; path = ImageDownloader.swift; sourceTree = "<group>"; };
		E52F55A837118F672EAB1512 /* Pods_instagramClone.framework */ = {isa = PBXFileReference; explicitFileType = wrapper.framework; includeInIndex = 0; path = Pods_instagramClone.framework; sourceTree = BUILT_PRODUCTS_DIR; };
/* End PBXFileReference section */

/* Begin PBXFrameworksBuildPhase section */
		DF6AD2F2210C9311002F7D41 /* Frameworks */ = {
			isa = PBXFrameworksBuildPhase;
			buildActionMask = 2147483647;
			files = (
				A3E648ED64E55C3088555790 /* Pods_instagramClone.framework in Frameworks */,
			);
			runOnlyForDeploymentPostprocessing = 0;
		};
/* End PBXFrameworksBuildPhase section */

/* Begin PBXGroup section */
		6F697486CF106F7982151FD9 /* Pods */ = {
			isa = PBXGroup;
			children = (
				BAA7EC607766C7FEC41211D1 /* Pods-instagramClone.debug.xcconfig */,
				DEC1DCED0FB2979497FC8610 /* Pods-instagramClone.release.xcconfig */,
			);
			name = Pods;
			sourceTree = "<group>";
		};
		AEE940403F91F430184617FF /* Frameworks */ = {
			isa = PBXGroup;
			children = (
				E52F55A837118F672EAB1512 /* Pods_instagramClone.framework */,
			);
			name = Frameworks;
			sourceTree = "<group>";
		};
		DF0CC6A22119D7130032CFCB /* LibraryPhotoSelectorCell */ = {
			isa = PBXGroup;
			children = (
				DF0CC6A32119D73E0032CFCB /* LibraryPhotoSelectorCell.swift */,
				DF0CC6A7211B2F930032CFCB /* LibraryPhotoSelectorHeaderCell.swift */,
			);
			path = LibraryPhotoSelectorCell;
			sourceTree = "<group>";
		};
		DF0CC6AB211B49550032CFCB /* SharingVC */ = {
			isa = PBXGroup;
			children = (
				DF0CC6AC211B49670032CFCB /* SharingVC.swift */,
				DF0CC6AE211B55750032CFCB /* SharingVC+UI.swift */,
				DF9E1657211D9BBB00224C99 /* Sharing+Firebase.swift */,
			);
			path = SharingVC;
			sourceTree = "<group>";
		};
		DF101C9D2121CD3C0009AD23 /* Database */ = {
			isa = PBXGroup;
			children = (
				DF101C9E2121CD4B0009AD23 /* Firebase+Extension.swift */,
			);
			path = Database;
			sourceTree = "<group>";
		};
		DF101CA02121CF9E0009AD23 /* Search */ = {
			isa = PBXGroup;
			children = (
				DF101CA12121CFB10009AD23 /* SearchVC.swift */,
				DF101CA62121EB0E0009AD23 /* SearchVC+UI.swift */,
			);
			path = Search;
			sourceTree = "<group>";
		};
		DF101CA32121D5D60009AD23 /* SearchCell */ = {
			isa = PBXGroup;
			children = (
				DF101CA42121D5E30009AD23 /* SearchCell.swift */,
			);
			path = SearchCell;
			sourceTree = "<group>";
		};
		DF21F58B210F57BB00B7A634 /* UserProfile */ = {
			isa = PBXGroup;
			children = (
				DF21F58C210F57CE00B7A634 /* UserProfileVC.swift */,
				DF29A8B7210F9B49009D316A /* UserProfileVC+CollectionView.swift */,
				DF3434FA21138933008CC71B /* UserProfileVC+Firebase.swift */,
			);
			path = UserProfile;
			sourceTree = "<group>";
		};
		DF28F852210E442600427302 /* SignUp */ = {
			isa = PBXGroup;
			children = (
				DF6AD2FA210C9311002F7D41 /* SignUpVC.swift */,
				DF28F853210E443F00427302 /* SignUp+UI.swift */,
				DF28F855210E530600427302 /* SignUp+Firebase.swift */,
				DF286E85210E575A00B4D722 /* SignUp+PickPhoto.swift */,
			);
			path = SignUp;
			sourceTree = "<group>";
		};
		DF29A8BB210F9BF7009D316A /* Cells */ = {
			isa = PBXGroup;
			children = (
				DF101CA32121D5D60009AD23 /* SearchCell */,
				DFD28B69211EE1CD00653A97 /* HomeCell */,
				DF483406211DF45000B6F6AD /* UserProfileCell */,
				DF0CC6A22119D7130032CFCB /* LibraryPhotoSelectorCell */,
				DF5109F82110929500128279 /* UserProfileHeaderCell */,
			);
			path = Cells;
			sourceTree = "<group>";
		};
		DF29A8BC210F9C02009D316A /* UIElements */ = {
			isa = PBXGroup;
			children = (
				DF6AD311210CDBF0002F7D41 /* MKTextField.swift */,
				DF81E759210D1EAF003E5C86 /* MKButton.swift */,
				DF5109FB2110945500128279 /* MKLabel.swift */,
				DF222970211E23D1001C3312 /* MKImageView.swift */,
			);
			path = UIElements;
			sourceTree = "<group>";
		};
		DF3EF7B32119B7CC00C82118 /* LibraryVC */ = {
			isa = PBXGroup;
			children = (
				DF5A39BB2119780700AD09A5 /* LibraryPhotoSelectorVC.swift */,
				DF6F2BCD2119B271003EB476 /* LibraryPhotoSelectorVC+UI.swift */,
			);
			path = LibraryVC;
			sourceTree = "<group>";
		};
		DF483406211DF45000B6F6AD /* UserProfileCell */ = {
			isa = PBXGroup;
			children = (
				DF483404211DF44B00B6F6AD /* UserProfileCell.swift */,
			);
			path = UserProfileCell;
			sourceTree = "<group>";
		};
		DF5109F82110929500128279 /* UserProfileHeaderCell */ = {
			isa = PBXGroup;
			children = (
				DF21F58E210F62C800B7A634 /* UserProfileHeaderView.swift */,
				DF5109F9211092C500128279 /* UserProfileHeaderCell+UI.swift */,
			);
			path = UserProfileHeaderCell;
			sourceTree = "<group>";
		};
		DF5A39BA211977C900AD09A5 /* PhotoSelector */ = {
			isa = PBXGroup;
			children = (
				DF0CC6AB211B49550032CFCB /* SharingVC */,
				DF3EF7B32119B7CC00C82118 /* LibraryVC */,
				DF6F2BCF2119B37E003EB476 /* PhotoSelectorTabBar.swift */,
			);
			path = PhotoSelector;
			sourceTree = "<group>";
		};
		DF6AD2EC210C9311002F7D41 = {
			isa = PBXGroup;
			children = (
				DF6AD2F7210C9311002F7D41 /* instagramClone */,
				DF6AD2F6210C9311002F7D41 /* Products */,
				6F697486CF106F7982151FD9 /* Pods */,
				AEE940403F91F430184617FF /* Frameworks */,
			);
			sourceTree = "<group>";
		};
		DF6AD2F6210C9311002F7D41 /* Products */ = {
			isa = PBXGroup;
			children = (
				DF6AD2F5210C9311002F7D41 /* instagramClone.app */,
			);
			name = Products;
			sourceTree = "<group>";
		};
		DF6AD2F7210C9311002F7D41 /* instagramClone */ = {
			isa = PBXGroup;
			children = (
				DF101C9D2121CD3C0009AD23 /* Database */,
				DF6AD30A210C9460002F7D41 /* Controllers */,
				DF6AD30F210CDB48002F7D41 /* Models */,
				DF6AD30E210CDB3F002F7D41 /* Views */,
				DF6AD30D210CDB2E002F7D41 /* Utils */,
				DF6AD2FF210C9312002F7D41 /* Assets.xcassets */,
				DF6AD301210C9312002F7D41 /* LaunchScreen.storyboard */,
				DFBEF227210E3AEA00EFFC48 /* GoogleService-Info.plist */,
				DF6AD2F8210C9311002F7D41 /* AppDelegate.swift */,
				DF6AD304210C9312002F7D41 /* Info.plist */,
			);
			path = instagramClone;
			sourceTree = "<group>";
		};
		DF6AD30A210C9460002F7D41 /* Controllers */ = {
			isa = PBXGroup;
			children = (
				DF101CA02121CF9E0009AD23 /* Search */,
				DFB0E540211EBD1200B48230 /* Home */,
				DF5A39BA211977C900AD09A5 /* PhotoSelector */,
				DF21F589210F562F00B7A634 /* MainTabBarVC.swift */,
				DFBE455D2111B23D0019E53C /* Login */,
				DF21F58B210F57BB00B7A634 /* UserProfile */,
				DF28F852210E442600427302 /* SignUp */,
			);
			path = Controllers;
			sourceTree = "<group>";
		};
		DF6AD30D210CDB2E002F7D41 /* Utils */ = {
			isa = PBXGroup;
			children = (
				DF6AD30B210CDAEE002F7D41 /* UIColor.swift */,
				DF81E757210D1E00003E5C86 /* UIView.swift */,
				DFE7CFB8211575750023B045 /* ViewControllersBuilder.swift */,
				DF0CC6A5211A36B00032CFCB /* Dictonary.swift */,
				DFD28B6A211EE30300653A97 /* CellType.swift */,
				DF101C9B2121C5A60009AD23 /* ButtonType.swift */,
			);
			path = Utils;
			sourceTree = "<group>";
		};
		DF6AD30E210CDB3F002F7D41 /* Views */ = {
			isa = PBXGroup;
			children = (
				DF29A8BC210F9C02009D316A /* UIElements */,
				DF29A8BB210F9BF7009D316A /* Cells */,
			);
			path = Views;
			sourceTree = "<group>";
		};
		DF6AD30F210CDB48002F7D41 /* Models */ = {
			isa = PBXGroup;
			children = (
				DF29A8B9210F9BD8009D316A /* Profile.swift */,
				DF0CC6A9211B409D0032CFCB /* Photo.swift */,
				DF536934211DA74C0056206D /* Post.swift */,
				DF536936211DA76D0056206D /* Dimensions.swift */,
				DFFB2539212447AA00E93AF5 /* ImageDownloader.swift */,
			);
			path = Models;
			sourceTree = "<group>";
		};
		DFB0E540211EBD1200B48230 /* Home */ = {
			isa = PBXGroup;
			children = (
				DFB0E541211EBD2100B48230 /* HomeVC.swift */,
				DFDB750B21220B4F0004032B /* HomeVC+UI.swift */,
			);
			path = Home;
			sourceTree = "<group>";
		};
		DFBE455D2111B23D0019E53C /* Login */ = {
			isa = PBXGroup;
			children = (
				DFBE455E2111B24F0019E53C /* LoginVC.swift */,
				DFBE45602111BB360019E53C /* LoginVC+UI.swift */,
				DFBE45622111D4970019E53C /* LoginVC+Firebase.swift */,
			);
			path = Login;
			sourceTree = "<group>";
		};
		DFD28B69211EE1CD00653A97 /* HomeCell */ = {
			isa = PBXGroup;
			children = (
				DFD28B67211EE1C900653A97 /* HomeCell.swift */,
				DF101C992121B4F90009AD23 /* HomeCell+UI.swift */,
			);
			path = HomeCell;
			sourceTree = "<group>";
		};
/* End PBXGroup section */

/* Begin PBXNativeTarget section */
		DF6AD2F4210C9311002F7D41 /* instagramClone */ = {
			isa = PBXNativeTarget;
			buildConfigurationList = DF6AD307210C9312002F7D41 /* Build configuration list for PBXNativeTarget "instagramClone" */;
			buildPhases = (
				9C6CA217729C5FAA3CA6BAC9 /* [CP] Check Pods Manifest.lock */,
				DF6AD2F1210C9311002F7D41 /* Sources */,
				DF6AD2F2210C9311002F7D41 /* Frameworks */,
				DF6AD2F3210C9311002F7D41 /* Resources */,
				965BF19A92F103B38B43C12B /* [CP] Embed Pods Frameworks */,
			);
			buildRules = (
			);
			dependencies = (
			);
			name = instagramClone;
			productName = instagramClone;
			productReference = DF6AD2F5210C9311002F7D41 /* instagramClone.app */;
			productType = "com.apple.product-type.application";
		};
/* End PBXNativeTarget section */

/* Begin PBXProject section */
		DF6AD2ED210C9311002F7D41 /* Project object */ = {
			isa = PBXProject;
			attributes = {
				LastSwiftUpdateCheck = 0940;
				LastUpgradeCheck = 0940;
				ORGANIZATIONNAME = "Mustafa Khalil";
				TargetAttributes = {
					DF6AD2F4210C9311002F7D41 = {
						CreatedOnToolsVersion = 9.4.1;
					};
				};
			};
			buildConfigurationList = DF6AD2F0210C9311002F7D41 /* Build configuration list for PBXProject "instagramClone" */;
			compatibilityVersion = "Xcode 9.3";
			developmentRegion = en;
			hasScannedForEncodings = 0;
			knownRegions = (
				en,
				Base,
			);
			mainGroup = DF6AD2EC210C9311002F7D41;
			productRefGroup = DF6AD2F6210C9311002F7D41 /* Products */;
			projectDirPath = "";
			projectRoot = "";
			targets = (
				DF6AD2F4210C9311002F7D41 /* instagramClone */,
			);
		};
/* End PBXProject section */

/* Begin PBXResourcesBuildPhase section */
		DF6AD2F3210C9311002F7D41 /* Resources */ = {
			isa = PBXResourcesBuildPhase;
			buildActionMask = 2147483647;
			files = (
				DF6AD303210C9312002F7D41 /* LaunchScreen.storyboard in Resources */,
				DF6AD300210C9312002F7D41 /* Assets.xcassets in Resources */,
				DFBEF228210E3AEA00EFFC48 /* GoogleService-Info.plist in Resources */,
			);
			runOnlyForDeploymentPostprocessing = 0;
		};
/* End PBXResourcesBuildPhase section */

/* Begin PBXShellScriptBuildPhase section */
		965BF19A92F103B38B43C12B /* [CP] Embed Pods Frameworks */ = {
			isa = PBXShellScriptBuildPhase;
			buildActionMask = 2147483647;
			files = (
			);
			inputPaths = (
				"${SRCROOT}/Pods/Target Support Files/Pods-instagramClone/Pods-instagramClone-frameworks.sh",
				"${BUILT_PRODUCTS_DIR}/GTMSessionFetcher/GTMSessionFetcher.framework",
				"${BUILT_PRODUCTS_DIR}/GoogleToolboxForMac/GoogleToolboxForMac.framework",
				"${BUILT_PRODUCTS_DIR}/leveldb-library/leveldb.framework",
			);
			name = "[CP] Embed Pods Frameworks";
			outputPaths = (
				"${TARGET_BUILD_DIR}/${FRAMEWORKS_FOLDER_PATH}/GTMSessionFetcher.framework",
				"${TARGET_BUILD_DIR}/${FRAMEWORKS_FOLDER_PATH}/GoogleToolboxForMac.framework",
				"${TARGET_BUILD_DIR}/${FRAMEWORKS_FOLDER_PATH}/leveldb.framework",
			);
			runOnlyForDeploymentPostprocessing = 0;
			shellPath = /bin/sh;
			shellScript = "\"${SRCROOT}/Pods/Target Support Files/Pods-instagramClone/Pods-instagramClone-frameworks.sh\"\n";
			showEnvVarsInLog = 0;
		};
		9C6CA217729C5FAA3CA6BAC9 /* [CP] Check Pods Manifest.lock */ = {
			isa = PBXShellScriptBuildPhase;
			buildActionMask = 2147483647;
			files = (
			);
			inputPaths = (
				"${PODS_PODFILE_DIR_PATH}/Podfile.lock",
				"${PODS_ROOT}/Manifest.lock",
			);
			name = "[CP] Check Pods Manifest.lock";
			outputPaths = (
				"$(DERIVED_FILE_DIR)/Pods-instagramClone-checkManifestLockResult.txt",
			);
			runOnlyForDeploymentPostprocessing = 0;
			shellPath = /bin/sh;
			shellScript = "diff \"${PODS_PODFILE_DIR_PATH}/Podfile.lock\" \"${PODS_ROOT}/Manifest.lock\" > /dev/null\nif [ $? != 0 ] ; then\n    # print error to STDERR\n    echo \"error: The sandbox is not in sync with the Podfile.lock. Run 'pod install' or update your CocoaPods installation.\" >&2\n    exit 1\nfi\n# This output is used by Xcode 'outputs' to avoid re-running this script phase.\necho \"SUCCESS\" > \"${SCRIPT_OUTPUT_FILE_0}\"\n";
			showEnvVarsInLog = 0;
		};
/* End PBXShellScriptBuildPhase section */

/* Begin PBXSourcesBuildPhase section */
		DF6AD2F1210C9311002F7D41 /* Sources */ = {
			isa = PBXSourcesBuildPhase;
			buildActionMask = 2147483647;
			files = (
				DF0CC6AA211B409D0032CFCB /* Photo.swift in Sources */,
				DF5109FC2110945500128279 /* MKLabel.swift in Sources */,
				DF6AD2FB210C9311002F7D41 /* SignUpVC.swift in Sources */,
				DFE7CFB9211575750023B045 /* ViewControllersBuilder.swift in Sources */,
				DF101CA72121EB0E0009AD23 /* SearchVC+UI.swift in Sources */,
				DF6F2BD02119B37E003EB476 /* PhotoSelectorTabBar.swift in Sources */,
				DF286E86210E575A00B4D722 /* SignUp+PickPhoto.swift in Sources */,
				DF101CA22121CFB10009AD23 /* SearchVC.swift in Sources */,
				DF21F58F210F62C800B7A634 /* UserProfileHeaderView.swift in Sources */,
				DF0CC6A8211B2F930032CFCB /* LibraryPhotoSelectorHeaderCell.swift in Sources */,
				DFD28B68211EE1C900653A97 /* HomeCell.swift in Sources */,
				DF9E1658211D9BBB00224C99 /* Sharing+Firebase.swift in Sources */,
				DFBE455F2111B24F0019E53C /* LoginVC.swift in Sources */,
				DF101C9F2121CD4B0009AD23 /* Firebase+Extension.swift in Sources */,
				DF0CC6A42119D73E0032CFCB /* LibraryPhotoSelectorCell.swift in Sources */,
				DF536935211DA74C0056206D /* Post.swift in Sources */,
				DF29A8BA210F9BD8009D316A /* Profile.swift in Sources */,
				DF0CC6AF211B55750032CFCB /* SharingVC+UI.swift in Sources */,
				DFBE45612111BB360019E53C /* LoginVC+UI.swift in Sources */,
				DF6AD312210CDBF0002F7D41 /* MKTextField.swift in Sources */,
				DF483405211DF44B00B6F6AD /* UserProfileCell.swift in Sources */,
				DF21F58D210F57CE00B7A634 /* UserProfileVC.swift in Sources */,
				DF101C9A2121B4F90009AD23 /* HomeCell+UI.swift in Sources */,
				DF5A39BC2119780700AD09A5 /* LibraryPhotoSelectorVC.swift in Sources */,
				DF28F856210E530600427302 /* SignUp+Firebase.swift in Sources */,
				DF0CC6AD211B49670032CFCB /* SharingVC.swift in Sources */,
				DFFB253A212447AA00E93AF5 /* ImageDownloader.swift in Sources */,
				DFB0E542211EBD2100B48230 /* HomeVC.swift in Sources */,
				DF536937211DA76D0056206D /* Dimensions.swift in Sources */,
				DF101C9C2121C5A60009AD23 /* ButtonType.swift in Sources */,
				DF21F58A210F562F00B7A634 /* MainTabBarVC.swift in Sources */,
				DF0CC6A6211A36B00032CFCB /* Dictonary.swift in Sources */,
				DF5109FA211092C500128279 /* UserProfileHeaderCell+UI.swift in Sources */,
				DFD28B6B211EE30300653A97 /* CellType.swift in Sources */,
				DF101CA52121D5E30009AD23 /* SearchCell.swift in Sources */,
				DF6AD30C210CDAEE002F7D41 /* UIColor.swift in Sources */,
				DF3434FB21138933008CC71B /* UserProfileVC+Firebase.swift in Sources */,
				DFDB750C21220B4F0004032B /* HomeVC+UI.swift in Sources */,
				DF6F2BCE2119B271003EB476 /* LibraryPhotoSelectorVC+UI.swift in Sources */,
				DF222971211E23D1001C3312 /* MKImageView.swift in Sources */,
				DF81E758210D1E00003E5C86 /* UIView.swift in Sources */,
				DFBE45632111D4970019E53C /* LoginVC+Firebase.swift in Sources */,
				DF29A8B8210F9B49009D316A /* UserProfileVC+CollectionView.swift in Sources */,
				DF81E75A210D1EAF003E5C86 /* MKButton.swift in Sources */,
				DF6AD2F9210C9311002F7D41 /* AppDelegate.swift in Sources */,
				DF28F854210E443F00427302 /* SignUp+UI.swift in Sources */,
			);
			runOnlyForDeploymentPostprocessing = 0;
		};
/* End PBXSourcesBuildPhase section */

/* Begin PBXVariantGroup section */
		DF6AD301210C9312002F7D41 /* LaunchScreen.storyboard */ = {
			isa = PBXVariantGroup;
			children = (
				DF6AD302210C9312002F7D41 /* Base */,
			);
			name = LaunchScreen.storyboard;
			sourceTree = "<group>";
		};
/* End PBXVariantGroup section */

/* Begin XCBuildConfiguration section */
		DF6AD305210C9312002F7D41 /* Debug */ = {
			isa = XCBuildConfiguration;
			buildSettings = {
				ALWAYS_SEARCH_USER_PATHS = NO;
				CLANG_ANALYZER_NONNULL = YES;
				CLANG_ANALYZER_NUMBER_OBJECT_CONVERSION = YES_AGGRESSIVE;
				CLANG_CXX_LANGUAGE_STANDARD = "gnu++14";
				CLANG_CXX_LIBRARY = "libc++";
				CLANG_ENABLE_MODULES = YES;
				CLANG_ENABLE_OBJC_ARC = YES;
				CLANG_ENABLE_OBJC_WEAK = YES;
				CLANG_WARN_BLOCK_CAPTURE_AUTORELEASING = YES;
				CLANG_WARN_BOOL_CONVERSION = YES;
				CLANG_WARN_COMMA = YES;
				CLANG_WARN_CONSTANT_CONVERSION = YES;
				CLANG_WARN_DEPRECATED_OBJC_IMPLEMENTATIONS = YES;
				CLANG_WARN_DIRECT_OBJC_ISA_USAGE = YES_ERROR;
				CLANG_WARN_DOCUMENTATION_COMMENTS = YES;
				CLANG_WARN_EMPTY_BODY = YES;
				CLANG_WARN_ENUM_CONVERSION = YES;
				CLANG_WARN_INFINITE_RECURSION = YES;
				CLANG_WARN_INT_CONVERSION = YES;
				CLANG_WARN_NON_LITERAL_NULL_CONVERSION = YES;
				CLANG_WARN_OBJC_IMPLICIT_RETAIN_SELF = YES;
				CLANG_WARN_OBJC_LITERAL_CONVERSION = YES;
				CLANG_WARN_OBJC_ROOT_CLASS = YES_ERROR;
				CLANG_WARN_RANGE_LOOP_ANALYSIS = YES;
				CLANG_WARN_STRICT_PROTOTYPES = YES;
				CLANG_WARN_SUSPICIOUS_MOVE = YES;
				CLANG_WARN_UNGUARDED_AVAILABILITY = YES_AGGRESSIVE;
				CLANG_WARN_UNREACHABLE_CODE = YES;
				CLANG_WARN__DUPLICATE_METHOD_MATCH = YES;
				CODE_SIGN_IDENTITY = "iPhone Developer";
				COPY_PHASE_STRIP = NO;
				DEBUG_INFORMATION_FORMAT = dwarf;
				ENABLE_STRICT_OBJC_MSGSEND = YES;
				ENABLE_TESTABILITY = YES;
				GCC_C_LANGUAGE_STANDARD = gnu11;
				GCC_DYNAMIC_NO_PIC = NO;
				GCC_NO_COMMON_BLOCKS = YES;
				GCC_OPTIMIZATION_LEVEL = 0;
				GCC_PREPROCESSOR_DEFINITIONS = (
					"DEBUG=1",
					"$(inherited)",
				);
				GCC_WARN_64_TO_32_BIT_CONVERSION = YES;
				GCC_WARN_ABOUT_RETURN_TYPE = YES_ERROR;
				GCC_WARN_UNDECLARED_SELECTOR = YES;
				GCC_WARN_UNINITIALIZED_AUTOS = YES_AGGRESSIVE;
				GCC_WARN_UNUSED_FUNCTION = YES;
				GCC_WARN_UNUSED_VARIABLE = YES;
				IPHONEOS_DEPLOYMENT_TARGET = 11.4;
				MTL_ENABLE_DEBUG_INFO = YES;
				ONLY_ACTIVE_ARCH = YES;
				SDKROOT = iphoneos;
				SWIFT_ACTIVE_COMPILATION_CONDITIONS = DEBUG;
				SWIFT_OPTIMIZATION_LEVEL = "-Onone";
			};
			name = Debug;
		};
		DF6AD306210C9312002F7D41 /* Release */ = {
			isa = XCBuildConfiguration;
			buildSettings = {
				ALWAYS_SEARCH_USER_PATHS = NO;
				CLANG_ANALYZER_NONNULL = YES;
				CLANG_ANALYZER_NUMBER_OBJECT_CONVERSION = YES_AGGRESSIVE;
				CLANG_CXX_LANGUAGE_STANDARD = "gnu++14";
				CLANG_CXX_LIBRARY = "libc++";
				CLANG_ENABLE_MODULES = YES;
				CLANG_ENABLE_OBJC_ARC = YES;
				CLANG_ENABLE_OBJC_WEAK = YES;
				CLANG_WARN_BLOCK_CAPTURE_AUTORELEASING = YES;
				CLANG_WARN_BOOL_CONVERSION = YES;
				CLANG_WARN_COMMA = YES;
				CLANG_WARN_CONSTANT_CONVERSION = YES;
				CLANG_WARN_DEPRECATED_OBJC_IMPLEMENTATIONS = YES;
				CLANG_WARN_DIRECT_OBJC_ISA_USAGE = YES_ERROR;
				CLANG_WARN_DOCUMENTATION_COMMENTS = YES;
				CLANG_WARN_EMPTY_BODY = YES;
				CLANG_WARN_ENUM_CONVERSION = YES;
				CLANG_WARN_INFINITE_RECURSION = YES;
				CLANG_WARN_INT_CONVERSION = YES;
				CLANG_WARN_NON_LITERAL_NULL_CONVERSION = YES;
				CLANG_WARN_OBJC_IMPLICIT_RETAIN_SELF = YES;
				CLANG_WARN_OBJC_LITERAL_CONVERSION = YES;
				CLANG_WARN_OBJC_ROOT_CLASS = YES_ERROR;
				CLANG_WARN_RANGE_LOOP_ANALYSIS = YES;
				CLANG_WARN_STRICT_PROTOTYPES = YES;
				CLANG_WARN_SUSPICIOUS_MOVE = YES;
				CLANG_WARN_UNGUARDED_AVAILABILITY = YES_AGGRESSIVE;
				CLANG_WARN_UNREACHABLE_CODE = YES;
				CLANG_WARN__DUPLICATE_METHOD_MATCH = YES;
				CODE_SIGN_IDENTITY = "iPhone Developer";
				COPY_PHASE_STRIP = NO;
				DEBUG_INFORMATION_FORMAT = "dwarf-with-dsym";
				ENABLE_NS_ASSERTIONS = NO;
				ENABLE_STRICT_OBJC_MSGSEND = YES;
				GCC_C_LANGUAGE_STANDARD = gnu11;
				GCC_NO_COMMON_BLOCKS = YES;
				GCC_WARN_64_TO_32_BIT_CONVERSION = YES;
				GCC_WARN_ABOUT_RETURN_TYPE = YES_ERROR;
				GCC_WARN_UNDECLARED_SELECTOR = YES;
				GCC_WARN_UNINITIALIZED_AUTOS = YES_AGGRESSIVE;
				GCC_WARN_UNUSED_FUNCTION = YES;
				GCC_WARN_UNUSED_VARIABLE = YES;
				IPHONEOS_DEPLOYMENT_TARGET = 11.4;
				MTL_ENABLE_DEBUG_INFO = NO;
				SDKROOT = iphoneos;
				SWIFT_COMPILATION_MODE = wholemodule;
				SWIFT_OPTIMIZATION_LEVEL = "-O";
				VALIDATE_PRODUCT = YES;
			};
			name = Release;
		};
		DF6AD308210C9312002F7D41 /* Debug */ = {
			isa = XCBuildConfiguration;
			baseConfigurationReference = BAA7EC607766C7FEC41211D1 /* Pods-instagramClone.debug.xcconfig */;
			buildSettings = {
				ASSETCATALOG_COMPILER_APPICON_NAME = AppIcon;
				CODE_SIGN_STYLE = Automatic;
				CURRENT_PROJECT_VERSION = 3;
				DEVELOPMENT_TEAM = S5LE5TDLUP;
				INFOPLIST_FILE = instagramClone/Info.plist;
				LD_RUNPATH_SEARCH_PATHS = (
					"$(inherited)",
					"@executable_path/Frameworks",
				);
				NEW_SETTING = "";
				PRODUCT_BUNDLE_IDENTIFIER = one.mmk.instagramClone;
				PRODUCT_NAME = "$(TARGET_NAME)";
				SWIFT_VERSION = 4.0;
				TARGETED_DEVICE_FAMILY = "1,2";
				VERSIONING_SYSTEM = "apple-generic";
			};
			name = Debug;
		};
		DF6AD309210C9312002F7D41 /* Release */ = {
			isa = XCBuildConfiguration;
			baseConfigurationReference = DEC1DCED0FB2979497FC8610 /* Pods-instagramClone.release.xcconfig */;
			buildSettings = {
				ASSETCATALOG_COMPILER_APPICON_NAME = AppIcon;
				CODE_SIGN_STYLE = Automatic;
				CURRENT_PROJECT_VERSION = 3;
				DEVELOPMENT_TEAM = S5LE5TDLUP;
				INFOPLIST_FILE = instagramClone/Info.plist;
				LD_RUNPATH_SEARCH_PATHS = (
					"$(inherited)",
					"@executable_path/Frameworks",
				);
				NEW_SETTING = "";
				PRODUCT_BUNDLE_IDENTIFIER = one.mmk.instagramClone;
				PRODUCT_NAME = "$(TARGET_NAME)";
				SWIFT_VERSION = 4.0;
				TARGETED_DEVICE_FAMILY = "1,2";
				VERSIONING_SYSTEM = "apple-generic";
			};
			name = Release;
		};
/* End XCBuildConfiguration section */

/* Begin XCConfigurationList section */
		DF6AD2F0210C9311002F7D41 /* Build configuration list for PBXProject "instagramClone" */ = {
			isa = XCConfigurationList;
			buildConfigurations = (
				DF6AD305210C9312002F7D41 /* Debug */,
				DF6AD306210C9312002F7D41 /* Release */,
			);
			defaultConfigurationIsVisible = 0;
			defaultConfigurationName = Release;
		};
		DF6AD307210C9312002F7D41 /* Build configuration list for PBXNativeTarget "instagramClone" */ = {
			isa = XCConfigurationList;
			buildConfigurations = (
				DF6AD308210C9312002F7D41 /* Debug */,
				DF6AD309210C9312002F7D41 /* Release */,
			);
			defaultConfigurationIsVisible = 0;
			defaultConfigurationName = Release;
		};
/* End XCConfigurationList section */
	};
	rootObject = DF6AD2ED210C9311002F7D41 /* Project object */;
}
